
Microsoft Visual Studio Solution File, Format Version 12.00
# Visual Studio Version 17
VisualStudioVersion = 17.7.34024.191
MinimumVisualStudioVersion = 10.0.40219.1
Project("{8BC9CEB8-8B4A-11D0-8D11-00A0C91BC942}") = "CreateBuilder3", "CreateBuilder3.vcxproj", "{570AB044-C3CA-43B5-9E2B-49D49ABCB339}"
EndProject
Global
	GlobalSection(SolutionConfigurationPlatforms) = preSolution
		Debug|x64 = Debug|x64
		Debug|x86 = Debug|x86
		Release|x64 = Release|x64
		Release|x86 = Release|x86
	EndGlobalSection
	GlobalSection(ProjectConfigurationPlatforms) = postSolution
		{570AB044-C3CA-43B5-9E2B-49D49ABCB339}.Debug|x64.ActiveCfg = Debug|x64
		{570AB044-C3CA-43B5-9E2B-49D49ABCB339}.Debug|x64.Build.0 = Debug|x64
		{570AB044-C3CA-43B5-9E2B-49D49ABCB339}.Debug|x86.ActiveCfg = Debug|Win32
		{570AB044-C3CA-43B5-9E2B-49D49ABCB339}.Debug|x86.Build.0 = Debug|Win32
		{570AB044-C3CA-43B5-9E2B-49D49ABCB339}.Release|x64.ActiveCfg = Release|x64
		{570AB044-C3CA-43B5-9E2B-49D49ABCB339}.Release|x64.Build.0 = Release|x64
		{570AB044-C3CA-43B5-9E2B-49D49ABCB339}.Release|x86.ActiveCfg = Release|Win32
		{570AB044-C3CA-43B5-9E2B-49D49ABCB339}.Release|x86.Build.0 = Release|Win32
	EndGlobalSection
	GlobalSection(SolutionProperties) = preSolution
		HideSolutionNode = FALSE
	EndGlobalSection
	GlobalSection(ExtensibilityGlobals) = postSolution
		SolutionGuid = {986BE0FA-8F40-40E5-A57B-3807CB5868E2}
	EndGlobalSection
EndGlobal
